
Microsoft Visual Studio Solution File, Format Version 12.00

Project("{FAE04EC0-301F-11D3-BF4B-00C04F79EFBC}") = "BankAccount.Core", "BankAccount.Core\BankAccount.Core.csproj", "{BF8E027D-4E6E-45BD-8D07-F6AB7D8AB621}"
EndProject
Project("{FAE04EC0-301F-11D3-BF4B-00C04F79EFBC}") = "BankAccountApp", "BankAccountApp\BankAccountApp.csproj", "{3DF03EDB-55D3-4318-841E-32913CF2FCC4}"
EndProject
Global
	GlobalSection(SolutionConfigurationPlatforms) = preSolution
		Debug|Any CPU = Debug|Any CPU
		Release|Any CPU = Release|Any CPU
	EndGlobalSection
	GlobalSection(ProjectConfigurationPlatforms) = postSolution
		{57BC815E-7C05-4416-A7BC-E64E1AC440E0}.Debug|Any CPU.ActiveCfg = Debug|Any CPU
		{57BC815E-7C05-4416-A7BC-E64E1AC440E0}.Debug|Any CPU.Build.0 = Debug|Any CPU
		{57BC815E-7C05-4416-A7BC-E64E1AC440E0}.Release|Any CPU.ActiveCfg = Release|Any CPU
		{57BC815E-7C05-4416-A7BC-E64E1AC440E0}.Release|Any CPU.Build.0 = Release|Any CPU
		{BF8E027D-4E6E-45BD-8D07-F6AB7D8AB621}.Debug|Any CPU.ActiveCfg = Debug|Any CPU
		{BF8E027D-4E6E-45BD-8D07-F6AB7D8AB621}.Debug|Any CPU.Build.0 = Debug|Any CPU
		{BF8E027D-4E6E-45BD-8D07-F6AB7D8AB621}.Release|Any CPU.ActiveCfg = Release|Any CPU
		{BF8E027D-4E6E-45BD-8D07-F6AB7D8AB621}.Release|Any CPU.Build.0 = Release|Any CPU
		{3D5A6B60-EB26-4C27-8F98-F1E734EBA662}.Debug|Any CPU.ActiveCfg = Debug|Any CPU
		{3D5A6B60-EB26-4C27-8F98-F1E734EBA662}.Debug|Any CPU.Build.0 = Debug|Any CPU
		{3D5A6B60-EB26-4C27-8F98-F1E734EBA662}.Release|Any CPU.ActiveCfg = Release|Any CPU
		{3D5A6B60-EB26-4C27-8F98-F1E734EBA662}.Release|Any CPU.Build.0 = Release|Any CPU
		{3DF03EDB-55D3-4318-841E-32913CF2FCC4}.Debug|Any CPU.ActiveCfg = Debug|Any CPU
		{3DF03EDB-55D3-4318-841E-32913CF2FCC4}.Debug|Any CPU.Build.0 = Debug|Any CPU
		{3DF03EDB-55D3-4318-841E-32913CF2FCC4}.Release|Any CPU.ActiveCfg = Release|Any CPU
		{3DF03EDB-55D3-4318-841E-32913CF2FCC4}.Release|Any CPU.Build.0 = Release|Any CPU
	EndGlobalSection
EndGlobal
